
Microsoft Visual Studio Solution File, Format Version 12.00
# Visual Studio Version 17
VisualStudioVersion = 17.11.35327.3
MinimumVisualStudioVersion = 10.0.40219.1
Project("{FAE04EC0-301F-11D3-BF4B-00C04F79EFBC}") = "MuniTrack-API", "MuniTrack-API\MuniTrack-API.csproj", "{834252CA-D22F-4D8E-952E-722F7599E976}"
EndProject
Global
	GlobalSection(SolutionConfigurationPlatforms) = preSolution
		Debug|Any CPU = Debug|Any CPU
		Release|Any CPU = Release|Any CPU
	EndGlobalSection
	GlobalSection(ProjectConfigurationPlatforms) = postSolution
		{834252CA-D22F-4D8E-952E-722F7599E976}.Debug|Any CPU.ActiveCfg = Debug|Any CPU
		{834252CA-D22F-4D8E-952E-722F7599E976}.Debug|Any CPU.Build.0 = Debug|Any CPU
		{834252CA-D22F-4D8E-952E-722F7599E976}.Release|Any CPU.ActiveCfg = Release|Any CPU
		{834252CA-D22F-4D8E-952E-722F7599E976}.Release|Any CPU.Build.0 = Release|Any CPU
	EndGlobalSection
	GlobalSection(SolutionProperties) = preSolution
		HideSolutionNode = FALSE
	EndGlobalSection
	GlobalSection(ExtensibilityGlobals) = postSolution
		SolutionGuid = {6F87F11E-62AE-4C85-B642-75F9C7948822}
	EndGlobalSection
EndGlobal
